
Microsoft Visual Studio Solution File, Format Version 12.00
# Visual Studio Version 17
VisualStudioVersion = 17.0.32014.148
MinimumVisualStudioVersion = 10.0.40219.1
Project("{FAE04EC0-301F-11D3-BF4B-00C04F79EFBC}") = "Helperland_Tatva", "Helperland_Tatva\Helperland_Tatva.csproj", "{15DABF07-E53D-4735-9F40-2D17D9D2E156}"
EndProject
Global
	GlobalSection(SolutionConfigurationPlatforms) = preSolution
		Debug|Any CPU = Debug|Any CPU
		Release|Any CPU = Release|Any CPU
	EndGlobalSection
	GlobalSection(ProjectConfigurationPlatforms) = postSolution
		{15DABF07-E53D-4735-9F40-2D17D9D2E156}.Debug|Any CPU.ActiveCfg = Debug|Any CPU
		{15DABF07-E53D-4735-9F40-2D17D9D2E156}.Debug|Any CPU.Build.0 = Debug|Any CPU
		{15DABF07-E53D-4735-9F40-2D17D9D2E156}.Release|Any CPU.ActiveCfg = Release|Any CPU
		{15DABF07-E53D-4735-9F40-2D17D9D2E156}.Release|Any CPU.Build.0 = Release|Any CPU
	EndGlobalSection
	GlobalSection(SolutionProperties) = preSolution
		HideSolutionNode = FALSE
	EndGlobalSection
	GlobalSection(ExtensibilityGlobals) = postSolution
		SolutionGuid = {F1997B0D-3A0A-4368-BAB8-C6A82DFFCEF1}
	EndGlobalSection
EndGlobal
